// !$*UTF8*$!
{
	archiveVersion = 1;
	classes = {
	};
	objectVersion = 46;
	objects = {

/* Begin PBXBuildFile section */
		A4262C571EFA3D66008F7B77 /* AppDelegate.swift in Sources */ = {isa = PBXBuildFile; fileRef = A4262C561EFA3D66008F7B77 /* AppDelegate.swift */; };
		A4262C591EFA3D66008F7B77 /* ViewController.swift in Sources */ = {isa = PBXBuildFile; fileRef = A4262C581EFA3D66008F7B77 /* ViewController.swift */; };
		A4262C5E1EFA3D66008F7B77 /* Assets.xcassets in Resources */ = {isa = PBXBuildFile; fileRef = A4262C5D1EFA3D66008F7B77 /* Assets.xcassets */; };
		A4262C611EFA3D66008F7B77 /* LaunchScreen.storyboard in Resources */ = {isa = PBXBuildFile; fileRef = A4262C5F1EFA3D66008F7B77 /* LaunchScreen.storyboard */; };
		A4262C691EFA3E16008F7B77 /* Sign.swift in Sources */ = {isa = PBXBuildFile; fileRef = A4262C681EFA3E16008F7B77 /* Sign.swift */; };
		A4262C6B1EFBA5C1008F7B77 /* GameState.swift in Sources */ = {isa = PBXBuildFile; fileRef = A4262C6A1EFBA5C1008F7B77 /* GameState.swift */; };
		FD9B3AD324D38EB20098E81D /* Main.storyboard in Resources */ = {isa = PBXBuildFile; fileRef = FD9B3AD224D38EB20098E81D /* Main.storyboard */; };
/* End PBXBuildFile section */

/* Begin PBXFileReference section */
		A4262C531EFA3D66008F7B77 /* RPS.app */ = {isa = PBXFileReference; explicitFileType = wrapper.application; includeInIndex = 0; path = RPS.app; sourceTree = BUILT_PRODUCTS_DIR; };
		A4262C561EFA3D66008F7B77 /* AppDelegate.swift */ = {isa = PBXFileReference; lastKnownFileType = sourcecode.swift; path = AppDelegate.swift; sourceTree = "<group>"; };
		A4262C581EFA3D66008F7B77 /* ViewController.swift */ = {isa = PBXFileReference; lastKnownFileType = sourcecode.swift; path = ViewController.swift; sourceTree = "<group>"; };
		A4262C5D1EFA3D66008F7B77 /* Assets.xcassets */ = {isa = PBXFileReference; lastKnownFileType = folder.assetcatalog; path = Assets.xcassets; sourceTree = "<group>"; };
		A4262C601EFA3D66008F7B77 /* Base */ = {isa = PBXFileReference; lastKnownFileType = file.storyboard; name = Base; path = Base.lproj/LaunchScreen.storyboard; sourceTree = "<group>"; };
		A4262C621EFA3D66008F7B77 /* Info.plist */ = {isa = PBXFileReference; lastKnownFileType = text.plist.xml; path = Info.plist; sourceTree = "<group>"; };
		A4262C681EFA3E16008F7B77 /* Sign.swift */ = {isa = PBXFileReference; fileEncoding = 4; lastKnownFileType = sourcecode.swift; path = Sign.swift; sourceTree = "<group>"; };
		A4262C6A1EFBA5C1008F7B77 /* GameState.swift */ = {isa = PBXFileReference; fileEncoding = 4; lastKnownFileType = sourcecode.swift; path = GameState.swift; sourceTree = "<group>"; };
		FD9B3AD224D38EB20098E81D /* Main.storyboard */ = {isa = PBXFileReference; lastKnownFileType = file.storyboard; path = Main.storyboard; sourceTree = "<group>"; };
/* End PBXFileReference section */

/* Begin PBXFrameworksBuildPhase section */
		A4262C501EFA3D65008F7B77 /* Frameworks */ = {
			isa = PBXFrameworksBuildPhase;
			buildActionMask = 2147483647;
			files = (
			);
			runOnlyForDeploymentPostprocessing = 0;
		};
/* End PBXFrameworksBuildPhase section */

/* Begin PBXGroup section */
		A4262C4A1EFA3D65008F7B77 = {
			isa = PBXGroup;
			children = (
				A4262C551EFA3D66008F7B77 /* RPS */,
				A4262C541EFA3D66008F7B77 /* Products */,
			);
			sourceTree = "<group>";
		};
		A4262C541EFA3D66008F7B77 /* Products */ = {
			isa = PBXGroup;
			children = (
				A4262C531EFA3D66008F7B77 /* RPS.app */,
			);
			name = Products;
			sourceTree = "<group>";
		};
		A4262C551EFA3D66008F7B77 /* RPS */ = {
			isa = PBXGroup;
			children = (
				A4262C681EFA3E16008F7B77 /* Sign.swift */,
				A4262C6A1EFBA5C1008F7B77 /* GameState.swift */,
				A4262C561EFA3D66008F7B77 /* AppDelegate.swift */,
				A4262C581EFA3D66008F7B77 /* ViewController.swift */,
				FD9B3AD224D38EB20098E81D /* Main.storyboard */,
				A4262C5D1EFA3D66008F7B77 /* Assets.xcassets */,
				A4262C5F1EFA3D66008F7B77 /* LaunchScreen.storyboard */,
				A4262C621EFA3D66008F7B77 /* Info.plist */,
			);
			path = RPS;
			sourceTree = "<group>";
		};
/* End PBXGroup section */

/* Begin PBXNativeTarget section */
		A4262C521EFA3D65008F7B77 /* RPS */ = {
			isa = PBXNativeTarget;
			buildConfigurationList = A4262C651EFA3D66008F7B77 /* Build configuration list for PBXNativeTarget "RPS" */;
			buildPhases = (
				A4262C4F1EFA3D65008F7B77 /* Sources */,
				A4262C501EFA3D65008F7B77 /* Frameworks */,
				A4262C511EFA3D65008F7B77 /* Resources */,
			);
			buildRules = (
			);
			dependencies = (
			);
			name = RPS;
			productName = RPS;
			productReference = A4262C531EFA3D66008F7B77 /* RPS.app */;
			productType = "com.apple.product-type.application";
		};
/* End PBXNativeTarget section */

/* Begin PBXProject section */
		A4262C4B1EFA3D65008F7B77 /* Project object */ = {
			isa = PBXProject;
			attributes = {
				LastSwiftUpdateCheck = 0830;
				LastUpgradeCheck = 1160;
				ORGANIZATIONNAME = Zinpool;
				TargetAttributes = {
					A4262C521EFA3D65008F7B77 = {
						CreatedOnToolsVersion = 8.3.3;
						DevelopmentTeam = HR45AY479F;
						ProvisioningStyle = Automatic;
					};
				};
			};
			buildConfigurationList = A4262C4E1EFA3D65008F7B77 /* Build configuration list for PBXProject "RPS" */;
			compatibilityVersion = "Xcode 3.2";
			developmentRegion = en;
			hasScannedForEncodings = 0;
			knownRegions = (
				en,
				Base,
			);
			mainGroup = A4262C4A1EFA3D65008F7B77;
			productRefGroup = A4262C541EFA3D66008F7B77 /* Products */;
			projectDirPath = "";
			projectRoot = "";
			targets = (
				A4262C521EFA3D65008F7B77 /* RPS */,
			);
		};
/* End PBXProject section */

/* Begin PBXResourcesBuildPhase section */
		A4262C511EFA3D65008F7B77 /* Resources */ = {
			isa = PBXResourcesBuildPhase;
			buildActionMask = 2147483647;
			files = (
				A4262C611EFA3D66008F7B77 /* LaunchScreen.storyboard in Resources */,
				A4262C5E1EFA3D66008F7B77 /* Assets.xcassets in Resources */,
				FD9B3AD324D38EB20098E81D /* Main.storyboard in Resources */,
			);
			runOnlyForDeploymentPostprocessing = 0;
		};
/* End PBXResourcesBuildPhase section */

/* Begin PBXSourcesBuildPhase section */
		A4262C4F1EFA3D65008F7B77 /* Sources */ = {
			isa = PBXSourcesBuildPhase;
			buildActionMask = 2147483647;
			files = (
				A4262C591EFA3D66008F7B77 /* ViewController.swift in Sources */,
				A4262C6B1EFBA5C1008F7B77 /* GameState.swift in Sources */,
				A4262C571EFA3D66008F7B77 /* AppDelegate.swift in Sources */,
				A4262C691EFA3E16008F7B77 /* Sign.swift in Sources */,
			);
			runOnlyForDeploymentPostprocessing = 0;
		};
/* End PBXSourcesBuildPhase section */

/* Begin PBXVariantGroup section */
		A4262C5F1EFA3D66008F7B77 /* LaunchScreen.storyboard */ = {
			isa = PBXVariantGroup;
			children = (
				A4262C601EFA3D66008F7B77 /* Base */,
			);
			name = LaunchScreen.storyboard;
			sourceTree = "<group>";
		};
/* End PBXVariantGroup section */

/* Begin XCBuildConfiguration section */
		A4262C631EFA3D66008F7B77 /* Debug */ = {
			isa = XCBuildConfiguration;
			buildSettings = {
				ALWAYS_SEARCH_USER_PATHS = NO;
				CLANG_ANALYZER_NONNULL = YES;
				CLANG_ANALYZER_NUMBER_OBJECT_CONVERSION = YES_AGGRESSIVE;
				CLANG_CXX_LANGUAGE_STANDARD = "gnu++0x";
				CLANG_CXX_LIBRARY = "libc++";
				CLANG_ENABLE_MODULES = YES;
				CLANG_ENABLE_OBJC_ARC = YES;
				CLANG_WARN_BLOCK_CAPTURE_AUTORELEASING = YES;
				CLANG_WARN_BOOL_CONVERSION = YES;
				CLANG_WARN_COMMA = YES;
				CLANG_WARN_CONSTANT_CONVERSION = YES;
				CLANG_WARN_DEPRECATED_OBJC_IMPLEMENTATIONS = YES;
				CLANG_WARN_DIRECT_OBJC_ISA_USAGE = YES_ERROR;
				CLANG_WARN_DOCUMENTATION_COMMENTS = YES;
				CLANG_WARN_EMPTY_BODY = YES;
				CLANG_WARN_ENUM_CONVERSION = YES;
				CLANG_WARN_INFINITE_RECURSION = YES;
				CLANG_WARN_INT_CONVERSION = YES;
				CLANG_WARN_NON_LITERAL_NULL_CONVERSION = YES;
				CLANG_WARN_OBJC_IMPLICIT_RETAIN_SELF = YES;
				CLANG_WARN_OBJC_LITERAL_CONVERSION = YES;
				CLANG_WARN_OBJC_ROOT_CLASS = YES_ERROR;
				CLANG_WARN_RANGE_LOOP_ANALYSIS = YES;
				CLANG_WARN_STRICT_PROTOTYPES = YES;
				CLANG_WARN_SUSPICIOUS_MOVE = YES;
				CLANG_WARN_UNREACHABLE_CODE = YES;
				CLANG_WARN__DUPLICATE_METHOD_MATCH = YES;
				"CODE_SIGN_IDENTITY[sdk=iphoneos*]" = "iPhone Developer";
				COPY_PHASE_STRIP = NO;
				DEBUG_INFORMATION_FORMAT = dwarf;
				ENABLE_STRICT_OBJC_MSGSEND = YES;
				ENABLE_TESTABILITY = YES;
				GCC_C_LANGUAGE_STANDARD = gnu99;
				GCC_DYNAMIC_NO_PIC = NO;
				GCC_NO_COMMON_BLOCKS = YES;
				GCC_OPTIMIZATION_LEVEL = 0;
				GCC_PREPROCESSOR_DEFINITIONS = (
					"DEBUG=1",
					"$(inherited)",
				);
				GCC_WARN_64_TO_32_BIT_CONVERSION = YES;
				GCC_WARN_ABOUT_RETURN_TYPE = YES_ERROR;
				GCC_WARN_UNDECLARED_SELECTOR = YES;
				GCC_WARN_UNINITIALIZED_AUTOS = YES_AGGRESSIVE;
				GCC_WARN_UNUSED_FUNCTION = YES;
				GCC_WARN_UNUSED_VARIABLE = YES;
				IPHONEOS_DEPLOYMENT_TARGET = 13.0;
				MTL_ENABLE_DEBUG_INFO = YES;
				ONLY_ACTIVE_ARCH = YES;
				SDKROOT = iphoneos;
				SWIFT_ACTIVE_COMPILATION_CONDITIONS = DEBUG;
				SWIFT_OPTIMIZATION_LEVEL = "-Onone";
			};
			name = Debug;
		};
		A4262C641EFA3D66008F7B77 /* Release */ = {
			isa = XCBuildConfiguration;
			buildSettings = {
				ALWAYS_SEARCH_USER_PATHS = NO;
				CLANG_ANALYZER_NONNULL = YES;
				CLANG_ANALYZER_NUMBER_OBJECT_CONVERSION = YES_AGGRESSIVE;
				CLANG_CXX_LANGUAGE_STANDARD = "gnu++0x";
				CLANG_CXX_LIBRARY = "libc++";
				CLANG_ENABLE_MODULES = YES;
				CLANG_ENABLE_OBJC_ARC = YES;
				CLANG_WARN_BLOCK_CAPTURE_AUTORELEASING = YES;
				CLANG_WARN_BOOL_CONVERSION = YES;
				CLANG_WARN_COMMA = YES;
				CLANG_WARN_CONSTANT_CONVERSION = YES;
				CLANG_WARN_DEPRECATED_OBJC_IMPLEMENTATIONS = YES;
				CLANG_WARN_DIRECT_OBJC_ISA_USAGE = YES_ERROR;
				CLANG_WARN_DOCUMENTATION_COMMENTS = YES;
				CLANG_WARN_EMPTY_BODY = YES;
				CLANG_WARN_ENUM_CONVERSION = YES;
				CLANG_WARN_INFINITE_RECURSION = YES;
				CLANG_WARN_INT_CONVERSION = YES;
				CLANG_WARN_NON_LITERAL_NULL_CONVERSION = YES;
				CLANG_WARN_OBJC_IMPLICIT_RETAIN_SELF = YES;
				CLANG_WARN_OBJC_LITERAL_CONVERSION = YES;
				CLANG_WARN_OBJC_ROOT_CLASS = YES_ERROR;
				CLANG_WARN_RANGE_LOOP_ANALYSIS = YES;
				CLANG_WARN_STRICT_PROTOTYPES = YES;
				CLANG_WARN_SUSPICIOUS_MOVE = YES;
				CLANG_WARN_UNREACHABLE_CODE = YES;
				CLANG_WARN__DUPLICATE_METHOD_MATCH = YES;
				"CODE_SIGN_IDENTITY[sdk=iphoneos*]" = "iPhone Developer";
				COPY_PHASE_STRIP = NO;
				DEBUG_INFORMATION_FORMAT = "dwarf-with-dsym";
				ENABLE_NS_ASSERTIONS = NO;
				ENABLE_STRICT_OBJC_MSGSEND = YES;
				GCC_C_LANGUAGE_STANDARD = gnu99;
				GCC_NO_COMMON_BLOCKS = YES;
				GCC_WARN_64_TO_32_BIT_CONVERSION = YES;
				GCC_WARN_ABOUT_RETURN_TYPE = YES_ERROR;
				GCC_WARN_UNDECLARED_SELECTOR = YES;
				GCC_WARN_UNINITIALIZED_AUTOS = YES_AGGRESSIVE;
				GCC_WARN_UNUSED_FUNCTION = YES;
				GCC_WARN_UNUSED_VARIABLE = YES;
				IPHONEOS_DEPLOYMENT_TARGET = 13.0;
				MTL_ENABLE_DEBUG_INFO = NO;
				SDKROOT = iphoneos;
				SWIFT_OPTIMIZATION_LEVEL = "-Owholemodule";
				VALIDATE_PRODUCT = YES;
			};
			name = Release;
		};
		A4262C661EFA3D66008F7B77 /* Debug */ = {
			isa = XCBuildConfiguration;
			buildSettings = {
				ASSETCATALOG_COMPILER_APPICON_NAME = AppIcon;
				DEVELOPMENT_TEAM = HR45AY479F;
				INFOPLIST_FILE = RPS/Info.plist;
				LD_RUNPATH_SEARCH_PATHS = "$(inherited) @executable_path/Frameworks";
				PRODUCT_BUNDLE_IDENTIFIER = com.waltdickson.RPS;
				PRODUCT_NAME = "$(TARGET_NAME)";
				SWIFT_VERSION = 5.0;
			};
			name = Debug;
		};
		A4262C671EFA3D66008F7B77 /* Release */ = {
			isa = XCBuildConfiguration;
			buildSettings = {
				ASSETCATALOG_COMPILER_APPICON_NAME = AppIcon;
				DEVELOPMENT_TEAM = HR45AY479F;
				INFOPLIST_FILE = RPS/Info.plist;
				LD_RUNPATH_SEARCH_PATHS = "$(inherited) @executable_path/Frameworks";
				PRODUCT_BUNDLE_IDENTIFIER = com.waltdickson.RPS;
				PRODUCT_NAME = "$(TARGET_NAME)";
				SWIFT_VERSION = 5.0;
			};
			name = Release;
		};
/* End XCBuildConfiguration section */

/* Begin XCConfigurationList section */
		A4262C4E1EFA3D65008F7B77 /* Build configuration list for PBXProject "RPS" */ = {
			isa = XCConfigurationList;
			buildConfigurations = (
				A4262C631EFA3D66008F7B77 /* Debug */,
				A4262C641EFA3D66008F7B77 /* Release */,
			);
			defaultConfigurationIsVisible = 0;
			defaultConfigurationName = Release;
		};
		A4262C651EFA3D66008F7B77 /* Build configuration list for PBXNativeTarget "RPS" */ = {
			isa = XCConfigurationList;
			buildConfigurations = (
				A4262C661EFA3D66008F7B77 /* Debug */,
				A4262C671EFA3D66008F7B77 /* Release */,
			);
			defaultConfigurationIsVisible = 0;
			defaultConfigurationName = Release;
		};
/* End XCConfigurationList section */
	};
	rootObject = A4262C4B1EFA3D65008F7B77 /* Project object */;
}
